
Microsoft Visual Studio Solution File, Format Version 12.00
# Visual Studio Version 17
VisualStudioVersion = 17.7.34202.233
MinimumVisualStudioVersion = 10.0.40219.1
Project("{8BC9CEB8-8B4A-11D0-8D11-00A0C91BC942}") = "Equilibrium Point", "Equilibrium Point\Equilibrium Point.vcxproj", "{507CBD68-66F6-4124-8464-47469FAB3152}"
EndProject
Global
	GlobalSection(SolutionConfigurationPlatforms) = preSolution
		Debug|x64 = Debug|x64
		Debug|x86 = Debug|x86
		Release|x64 = Release|x64
		Release|x86 = Release|x86
	EndGlobalSection
	GlobalSection(ProjectConfigurationPlatforms) = postSolution
		{507CBD68-66F6-4124-8464-47469FAB3152}.Debug|x64.ActiveCfg = Debug|x64
		{507CBD68-66F6-4124-8464-47469FAB3152}.Debug|x64.Build.0 = Debug|x64
		{507CBD68-66F6-4124-8464-47469FAB3152}.Debug|x86.ActiveCfg = Debug|Win32
		{507CBD68-66F6-4124-8464-47469FAB3152}.Debug|x86.Build.0 = Debug|Win32
		{507CBD68-66F6-4124-8464-47469FAB3152}.Release|x64.ActiveCfg = Release|x64
		{507CBD68-66F6-4124-8464-47469FAB3152}.Release|x64.Build.0 = Release|x64
		{507CBD68-66F6-4124-8464-47469FAB3152}.Release|x86.ActiveCfg = Release|Win32
		{507CBD68-66F6-4124-8464-47469FAB3152}.Release|x86.Build.0 = Release|Win32
	EndGlobalSection
	GlobalSection(SolutionProperties) = preSolution
		HideSolutionNode = FALSE
	EndGlobalSection
	GlobalSection(ExtensibilityGlobals) = postSolution
		SolutionGuid = {1BB8720B-506C-4ED7-BFA5-FD31822BC45D}
	EndGlobalSection
EndGlobal
